[[package]]
name = "cycler"
version = "0.10.0"
description = "Composable style cycles"
category = "main"
optional = false
python-versions = "*"

[package.dependencies]
six = "*"

[[package]]
name = "dataclasses"
version = "0.6"
description = "A backport of the dataclasses module for Python 3.6"
category = "main"
optional = false
python-versions = "*"

[[package]]
name = "decorator"
version = "5.0.9"
description = "Decorators for Humans"
category = "main"
optional = false
python-versions = ">=3.5"

[[package]]
name = "elasticsearch"
version = "5.5.3"
description = "Python client for Elasticsearch"
category = "main"
optional = false
python-versions = "*"

[package.dependencies]
urllib3 = ">=1.21.1"

[package.extras]
develop = ["requests (>=2.0.0,<3.0.0)", "nose", "coverage", "mock", "pyaml", "nosexcover", "sphinx", "sphinx-rtd-theme"]

[[package]]
name = "image-match"
version = "1.1.2"
description = "image_match is a simple package for finding approximate image matches from a corpus."
category = "main"
optional = false
python-versions = "*"
develop = false

[package.dependencies]
elasticsearch = ">=5.0.0,<6.0.0"
scikit-image = ">=0.14"
six = ">=1.11.0"

[package.extras]
dev = ["ipdb", "ipython", "coverage", "pep8", "pyflakes", "pylint", "pytest", "pytest-cov", "pytest-xdist", "recommonmark (>=0.4.0)", "Sphinx (>=1.3.5)", "sphinxcontrib-napoleon (>=0.4.4)", "sphinx-rtd-theme (>=0.1.9)"]
docs = ["recommonmark (>=0.4.0)", "Sphinx (>=1.3.5)", "sphinxcontrib-napoleon (>=0.4.4)", "sphinx-rtd-theme (>=0.1.9)"]
extra = ["cairosvg (>1,<2)"]
test = ["coverage", "pep8", "pyflakes", "pylint", "pytest", "pytest-cov", "pytest-xdist"]

[package.source]
type = "git"
url = "https://github.com/ranisalt/image-match.git"
reference = "2f40148c12b613c3dcedb97530830906ed075765"
resolved_reference = "2f40148c12b613c3dcedb97530830906ed075765"

[[package]]
name = "imageio"
version = "2.9.0"
description = "Library for reading and writing a wide range of image, video, scientific, and volumetric data formats."
category = "main"
optional = false
python-versions = ">=3.5"

[package.dependencies]
numpy = "*"
pillow = "*"

[package.extras]
ffmpeg = ["imageio-ffmpeg"]
fits = ["astropy"]
full = ["astropy", "gdal", "imageio-ffmpeg", "itk"]
gdal = ["gdal"]
itk = ["itk"]

[[package]]
name = "kiwisolver"
version = "1.1.0"
description = "A fast implementation of the Cassowary constraint solver"
category = "main"
optional = false
python-versions = ">=2.7, !=3.0.*, !=3.1.*, !=3.2.*, !=3.3.*"

[[package]]
name = "matplotlib"
version = "3.0.3"
description = "Python plotting package"
category = "main"
optional = false
python-versions = ">=3.5"

[package.dependencies]
cycler = ">=0.10"
kiwisolver = ">=1.0.1"
numpy = ">=1.10.0"
pyparsing = ">=2.0.1,<2.0.4 || >2.0.4,<2.1.2 || >2.1.2,<2.1.6 || >2.1.6"
python-dateutil = ">=2.1"

[[package]]
name = "networkx"
version = "2.4"
description = "Python package for creating and manipulating graphs and networks"
category = "main"
optional = false
python-versions = ">=3.5"

[package.dependencies]
decorator = ">=4.3.0"

[package.extras]
all = ["numpy", "scipy", "pandas", "matplotlib", "pygraphviz", "pydot", "pyyaml", "gdal", "lxml", "pytest"]
gdal = ["gdal"]
lxml = ["lxml"]
matplotlib = ["matplotlib"]
numpy = ["numpy"]
pandas = ["pandas"]
pydot = ["pydot"]
pygraphviz = ["pygraphviz"]
pytest = ["pytest"]
pyyaml = ["pyyaml"]
scipy = ["scipy"]

[[package]]
name = "numpy"
version = "1.15.0"
description = "NumPy: array processing for numbers, strings, records, and objects."
category = "main"
optional = false
python-versions = ">=2.7,!=3.0.*,!=3.1.*,!=3.2.*,!=3.3.*"

[[package]]
name = "pillow"
version = "5.2.0"
description = "Python Imaging Library (Fork)"
category = "main"
optional = false
python-versions = ">=2.7, !=3.0.*, !=3.1.*, !=3.2.*, !=3.3.*"

[[package]]
name = "pyparsing"
version = "2.4.7"
description = "Python parsing module"
category = "main"
optional = false
python-versions = ">=2.6, !=3.0.*, !=3.1.*, !=3.2.*"

[[package]]
name = "python-dateutil"
version = "2.8.1"
description = "Extensions to the standard Python datetime module"
category = "main"
optional = false
python-versions = "!=3.0.*,!=3.1.*,!=3.2.*,>=2.7"

[package.dependencies]
six = ">=1.5"

[[package]]
name = "pywavelets"
version = "1.1.1"
description = "PyWavelets, wavelet transform module"
category = "main"
optional = false
python-versions = ">=3.5"

[package.dependencies]
numpy = ">=1.13.3"

[[package]]
name = "scikit-image"
version = "0.15.0"
description = "Image processing routines for SciPy"
category = "main"
optional = false
python-versions = ">=3.5"

[package.dependencies]
imageio = ">=2.0.1"
matplotlib = ">=2.0.0,<3.0.0 || >3.0.0"
networkx = ">=2.0"
pillow = ">=4.3.0"
PyWavelets = ">=0.4.0"
scipy = ">=0.17.0"

[package.extras]
docs = ["sphinx (>=1.3,!=1.7.8)", "numpydoc (>=0.6)", "sphinx-gallery", "sphinx-copybutton", "pytest-runner", "scikit-learn", "dask[array] (>=0.9.0)", "cloudpickle (>=0.2.1)"]
optional = ["simpleitk", "astropy (>=1.2.0)", "tifffile", "qtpy", "pyamg", "dask[array] (>=0.9.0)", "cloudpickle (>=0.2.1)"]
test = ["pytest (!=3.7.3)", "pytest-cov", "pytest-localserver", "flake8", "codecov", "pytest-faulthandler"]

[[package]]
name = "scipy"
version = "1.1.0"
description = "SciPy: Scientific Library for Python"
category = "main"
optional = false
python-versions = ">=2.7,!=3.0.*,!=3.1.*,!=3.2.*,!=3.3.*"

[package.dependencies]
numpy = ">=1.8.2"

[[package]]
name = "six"
version = "1.16.0"
description = "Python 2 and 3 compatibility utilities"
category = "main"
optional = false
python-versions = ">=2.7, !=3.0.*, !=3.1.*, !=3.2.*"

[[package]]
name = "urllib3"
version = "1.26.5"
description = "HTTP library with thread-safe connection pooling, file post, and more."
category = "main"
optional = false
python-versions = ">=2.7, !=3.0.*, !=3.1.*, !=3.2.*, !=3.3.*, !=3.4.*, <4"

[package.extras]
brotli = ["brotlipy (>=0.6.0)"]
secure = ["pyOpenSSL (>=0.14)", "cryptography (>=1.3.4)", "idna (>=2.0.0)", "certifi", "ipaddress"]
socks = ["PySocks (>=1.5.6,!=1.5.7,<2.0)"]

[extras]
dedup = ["image-match"]

[metadata]
lock-version = "1.1"
python-versions = "^3.5"
content-hash = "5e95f972d8c1578cc634697057e0f0396e26faf8419a78db7ee960914c86ea1c"

[metadata.files]
cycler = [
    {file = "cycler-0.10.0-py2.py3-none-any.whl", hash = "sha256:1d8a5ae1ff6c5cf9b93e8811e581232ad8920aeec647c37316ceac982b08cb2d"},
    {file = "cycler-0.10.0.tar.gz", hash = "sha256:cd7b2d1018258d7247a71425e9f26463dfb444d411c39569972f4ce586b0c9d8"},
]
dataclasses = [
    {file = "dataclasses-0.6-py3-none-any.whl", hash = "sha256:454a69d788c7fda44efd71e259be79577822f5e3f53f029a22d08004e951dc9f"},
    {file = "dataclasses-0.6.tar.gz", hash = "sha256:6988bd2b895eef432d562370bb707d540f32f7360ab13da45340101bc2307d84"},
]
decorator = [
    {file = "decorator-5.0.9-py3-none-any.whl", hash = "sha256:6e5c199c16f7a9f0e3a61a4a54b3d27e7dad0dbdde92b944426cb20914376323"},
    {file = "decorator-5.0.9.tar.gz", hash = "sha256:72ecfba4320a893c53f9706bebb2d55c270c1e51a28789361aa93e4a21319ed5"},
]
elasticsearch = [
    {file = "elasticsearch-5.5.3-py2.py3-none-any.whl", hash = "sha256:658380fd60bdaf746fef12958f0abc49063218ce93ee1ae4ca1fe6291c896433"},
    {file = "elasticsearch-5.5.3.tar.gz", hash = "sha256:ae91b089f2f2b5b3daa04297949e5f805ab12d187218cb587273f472656fd250"},
]
image-match = []
imageio = [
    {file = "imageio-2.9.0-py3-none-any.whl", hash = "sha256:3604d751f03002e8e0e7650aa71d8d9148144a87daf17cb1f3228e80747f2e6b"},
    {file = "imageio-2.9.0.tar.gz", hash = "sha256:52ddbaeca2dccf53ba2d6dec5676ca7bc3b2403ef8b37f7da78b7654bb3e10f0"},
]
kiwisolver = [
    {file = "kiwisolver-1.1.0-cp27-cp27m-macosx_10_6_intel.macosx_10_9_intel.macosx_10_9_x86_64.macosx_10_10_intel.macosx_10_10_x86_64.whl", hash = "sha256:7f4dd50874177d2bb060d74769210f3bce1af87a8c7cf5b37d032ebf94f0aca3"},
    {file = "kiwisolver-1.1.0-cp27-cp27m-macosx_10_6_intel.whl", hash = "sha256:fe51b79da0062f8e9d49ed0182a626a7dc7a0cbca0328f612c6ee5e4711c81e4"},
    {file = "kiwisolver-1.1.0-cp27-cp27m-manylinux1_i686.whl", hash = "sha256:f790f8b3dff3d53453de6a7b7ddd173d2e020fb160baff578d578065b108a05f"},
    {file = "kiwisolver-1.1.0-cp27-cp27m-manylinux1_x86_64.whl", hash = "sha256:f2b22153870ca5cf2ab9c940d7bc38e8e9089fa0f7e5856ea195e1cf4ff43d5a"},
    {file = "kiwisolver-1.1.0-cp27-cp27mu-manylinux1_i686.whl", hash = "sha256:e8bf074363ce2babeb4764d94f8e65efd22e6a7c74860a4f05a6947afc020ff2"},
    {file = "kiwisolver-1.1.0-cp27-cp27mu-manylinux1_x86_64.whl", hash = "sha256:05b5b061e09f60f56244adc885c4a7867da25ca387376b02c1efc29cc16bcd0f"},
    {file = "kiwisolver-1.1.0-cp27-none-win32.whl", hash = "sha256:47b8cb81a7d18dbaf4fed6a61c3cecdb5adec7b4ac292bddb0d016d57e8507d5"},
    {file = "kiwisolver-1.1.0-cp27-none-win_amd64.whl", hash = "sha256:b64916959e4ae0ac78af7c3e8cef4becee0c0e9694ad477b4c6b3a536de6a544"},
    {file = "kiwisolver-1.1.0-cp34-cp34m-macosx_10_6_intel.macosx_10_9_intel.macosx_10_9_x86_64.macosx_10_10_intel.macosx_10_10_x86_64.whl", hash = "sha256:682e54f0ce8f45981878756d7203fd01e188cc6c8b2c5e2cf03675390b4534d5"},
    {file = "kiwisolver-1.1.0-cp34-cp34m-manylinux1_i686.whl", hash = "sha256:d52e3b1868a4e8fd18b5cb15055c76820df514e26aa84cc02f593d99fef6707f"},
    {file = "kiwisolver-1.1.0-cp34-cp34m-manylinux1_x86_64.whl", hash = "sha256:8aa7009437640beb2768bfd06da049bad0df85f47ff18426261acecd1cf00897"},
    {file = "kiwisolver-1.1.0-cp34-none-win32.whl", hash = "sha256:26f4fbd6f5e1dabff70a9ba0d2c4bd30761086454aa30dddc5b52764ee4852b7"},
    {file = "kiwisolver-1.1.0-cp34-none-win_amd64.whl", hash = "sha256:79bfb2f0bd7cbf9ea256612c9523367e5ec51d7cd616ae20ca2c90f575d839a2"},
    {file = "kiwisolver-1.1.0-cp35-cp35m-macosx_10_6_intel.macosx_10_9_intel.macosx_10_9_x86_64.macosx_10_10_intel.macosx_10_10_x86_64.whl", hash = "sha256:3b2378ad387f49cbb328205bda569b9f87288d6bc1bf4cd683c34523a2341efe"},
    {file = "kiwisolver-1.1.0-cp35-cp35m-macosx_10_6_intel.whl", hash = "sha256:aa716b9122307c50686356cfb47bfbc66541868078d0c801341df31dca1232a9"},
    {file = "kiwisolver-1.1.0-cp35-cp35m-manylinux1_i686.whl", hash = "sha256:58e626e1f7dfbb620d08d457325a4cdac65d1809680009f46bf41eaf74ad0187"},
    {file = "kiwisolver-1.1.0-cp35-cp35m-manylinux1_x86_64.whl", hash = "sha256:e3a21a720791712ed721c7b95d433e036134de6f18c77dbe96119eaf7aa08004"},
    {file = "kiwisolver-1.1.0-cp35-none-win32.whl", hash = "sha256:939f36f21a8c571686eb491acfffa9c7f1ac345087281b412d63ea39ca14ec4a"},
    {file = "kiwisolver-1.1.0-cp35-none-win_amd64.whl", hash = "sha256:9733b7f64bd9f807832d673355f79703f81f0b3e52bfce420fc00d8cb28c6a6c"},
    {file = "kiwisolver-1.1.0-cp36-cp36m-macosx_10_6_intel.macosx_10_9_intel.macosx_10_9_x86_64.macosx_10_10_intel.macosx_10_10_x86_64.whl", hash = "sha256:acc4df99308111585121db217681f1ce0eecb48d3a828a2f9bbf9773f4937e9e"},
    {file = "kiwisolver-1.1.0-cp36-cp36m-macosx_10_6_intel.whl", hash = "sha256:9105ce82dcc32c73eb53a04c869b6a4bc756b43e4385f76ea7943e827f529e4d"},
    {file = "kiwisolver-1.1.0-cp36-cp36m-manylinux1_i686.whl", hash = "sha256:f16814a4a96dc04bf1da7d53ee8d5b1d6decfc1a92a63349bb15d37b6a263dd9"},
    {file = "kiwisolver-1.1.0-cp36-cp36m-manylinux1_x86_64.whl", hash = "sha256:400599c0fe58d21522cae0e8b22318e09d9729451b17ee61ba8e1e7c0346565c"},
    {file = "kiwisolver-1.1.0-cp36-none-win32.whl", hash = "sha256:db1a5d3cc4ae943d674718d6c47d2d82488ddd94b93b9e12d24aabdbfe48caee"},
    {file = "kiwisolver-1.1.0-cp36-none-win_amd64.whl", hash = "sha256:5a52e1b006bfa5be04fe4debbcdd2688432a9af4b207a3f429c74ad625022641"},
    {file = "kiwisolver-1.1.0-cp37-cp37m-macosx_10_6_intel.macosx_10_9_intel.macosx_10_9_x86_64.macosx_10_10_intel.macosx_10_10_x86_64.whl", hash = "sha256:a02f6c3e229d0b7220bd74600e9351e18bc0c361b05f29adae0d10599ae0e326"},
    {file = "kiwisolver-1.1.0-cp37-cp37m-macosx_10_6_intel.whl", hash = "sha256:9491578147849b93e70d7c1d23cb1229458f71fc79c51d52dce0809b2ca44eea"},
    {file = "kiwisolver-1.1.0-cp37-cp37m-manylinux1_i686.whl", hash = "sha256:5c7ca4e449ac9f99b3b9d4693debb1d6d237d1542dd6a56b3305fe8a9620f883"},
    {file = "kiwisolver-1.1.0-cp37-cp37m-manylinux1_x86_64.whl", hash = "sha256:a0c0a9f06872330d0dd31b45607197caab3c22777600e88031bfe66799e70bb0"},
    {file = "kiwisolver-1.1.0-cp37-none-win32.whl", hash = "sha256:8944a16020c07b682df861207b7e0efcd2f46c7488619cb55f65882279119389"},
    {file = "kiwisolver-1.1.0-cp37-none-win_amd64.whl", hash = "sha256:d3fcf0819dc3fea58be1fd1ca390851bdb719a549850e708ed858503ff25d995"},
    {file = "kiwisolver-1.1.0-cp38-cp38-macosx_10_9_x86_64.whl", hash = "sha256:933df612c453928f1c6faa9236161a1d999a26cd40abf1dc5d7ebbc6dbfb8fca"},
    {file = "kiwisolver-1.1.0-cp38-cp38-manylinux1_i686.whl", hash = "sha256:d22702cadb86b6fcba0e6b907d9f84a312db9cd6934ee728144ce3018e715ee1"},
    {file = "kiwisolver-1.1.0-cp38-cp38-manylinux1_x86_64.whl", hash = "sha256:210d8c39d01758d76c2b9a693567e1657ec661229bc32eac30761fa79b2474b0"},
    {file = "kiwisolver-1.1.0-cp38-none-win32.whl", hash = "sha256:76275ee077772c8dde04fb6c5bc24b91af1bb3e7f4816fd1852f1495a64dad93"},
    {file = "kiwisolver-1.1.0-cp38-none-win_amd64.whl", hash = "sha256:3b15d56a9cd40c52d7ab763ff0bc700edbb4e1a298dc43715ecccd605002cf11"},
    {file = "kiwisolver-1.1.0.tar.gz", hash = "sha256:53eaed412477c836e1b9522c19858a8557d6e595077830146182225613b11a75"},
]
matplotlib = [
    {file = "matplotlib-3.0.3-cp35-cp35m-macosx_10_6_intel.macosx_10_9_intel.macosx_10_9_x86_64.macosx_10_10_intel.macosx_10_10_x86_64.whl", hash = "sha256:e918d51b1fda82a65fdf52d2f3914b2246481cc2a9cd10e223e6be6078916ff3"},
    {file = "matplotlib-3.0.3-cp35-cp35m-manylinux1_x86_64.whl", hash = "sha256:63e498067d32d627111cd1162cae1621f1221f9d4c6a9745dd7233f29de581b6"},
    {file = "matplotlib-3.0.3-cp35-cp35m-win32.whl", hash = "sha256:91c54d6bb9eeaaff965656c5ea6cbdcbf780bad8462ac99b30b451548194746f"},
    {file = "matplotlib-3.0.3-cp35-cp35m-win_amd64.whl", hash = "sha256:cf8ae10559a78aee0409ede1e9d4fda03895433eeafe609dd9ed67e45f552db0"},
    {file = "matplotlib-3.0.3-cp36-cp36m-macosx_10_6_intel.macosx_10_9_intel.macosx_10_9_x86_64.macosx_10_10_intel.macosx_10_10_x86_64.whl", hash = "sha256:de5ccd3500247f85fe4f9fad90f80a8bd397e4f110a4c33fabf95f07403e8372"},
    {file = "matplotlib-3.0.3-cp36-cp36m-manylinux1_x86_64.whl", hash = "sha256:e8d1939262aa6b36d0c51f50a50a43a04b9618d20db31e6c0192b1463067aeef"},
    {file = "matplotlib-3.0.3-cp36-cp36m-win32.whl", hash = "sha256:d51d0889d1c4d51c51a9822265c0494ea3e70a52bdd88358e0863daca46fa23a"},
    {file = "matplotlib-3.0.3-cp36-cp36m-win_amd64.whl", hash = "sha256:1ae6549976b6ceb6ee426272a28c0fc9715b3e3669694d560c8f661c5b39e2c5"},
    {file = "matplotlib-3.0.3-cp37-cp37m-macosx_10_6_intel.macosx_10_9_intel.macosx_10_9_x86_64.macosx_10_10_intel.macosx_10_10_x86_64.whl", hash = "sha256:aeef177647bb3fccfe09065481989d7dfc5ac59e9367d6a00a3481062cf651e4"},
    {file = "matplotlib-3.0.3-cp37-cp37m-manylinux1_x86_64.whl", hash = "sha256:4d4250bf508dd07cca3b43888097f873cadb66eec6ac63dbbfb798798ec07af2"},
    {file = "matplotlib-3.0.3-cp37-cp37m-win32.whl", hash = "sha256:53af2e01d7f1700ed2b64a9091bc865360c9c4032f625451c4589a826854c787"},
    {file = "matplotlib-3.0.3-cp37-cp37m-win_amd64.whl", hash = "sha256:7169a34971e398dd58e87e173f97366fd88a3fa80852704530433eb224a8ca57"},
    {file = "matplotlib-3.0.3.tar.gz", hash = "sha256:e1d33589e32f482d0a7d1957bf473d43341115d40d33f578dad44432e47df7b7"},
]
networkx = [
    {file = "networkx-2.4-py3-none-any.whl", hash = "sha256:cdfbf698749a5014bf2ed9db4a07a5295df1d3a53bf80bf3cbd61edf9df05fa1"},
    {file = "networkx-2.4.tar.gz", hash = "sha256:f8f4ff0b6f96e4f9b16af6b84622597b5334bf9cae8cf9b2e42e7985d5c95c64"},
]
numpy = [
    {file = "numpy-1.15.0-cp27-cp27m-macosx_10_6_intel.macosx_10_9_intel.macosx_10_9_x86_64.macosx_10_10_intel.macosx_10_10_x86_64.whl", hash = "sha256:a17a8fd5df4fec5b56b4d11c9ba8b9ebfb883c90ec361628d07be00aaa4f009a"},
    {file = "numpy-1.15.0-cp27-cp27m-manylinux1_i686.whl", hash = "sha256:c3ac359ace241707e5a48fe2922e566ac666aacacf4f8031f2994ac429c31344"},
    {file = "numpy-1.15.0-cp27-cp27m-manylinux1_x86_64.whl", hash = "sha256:e2317cf091c2e7f0dacdc2e72c693cc34403ca1f8e3807622d0bb653dc978616"},
    {file = "numpy-1.15.0-cp27-cp27mu-manylinux1_i686.whl", hash = "sha256:64c6acf5175745fd1b7b7e17c74fdbfb7191af3b378bc54f44560279f41238d3"},
    {file = "numpy-1.15.0-cp27-cp27mu-manylinux1_x86_64.whl", hash = "sha256:924f37e66db78464b4b85ed4b6d2e5cda0c0416e657cac7ccbef14b9fa2c40b5"},
    {file = "numpy-1.15.0-cp27-none-win32.whl", hash = "sha256:674ea7917f0657ddb6976bd102ac341bc493d072c32a59b98e5b8c6eaa2d5ec0"},
    {file = "numpy-1.15.0-cp27-none-win_amd64.whl", hash = "sha256:ae3864816287d0e86ead580b69921daec568fe680857f07ee2a87bf7fd77ce24"},
    {file = "numpy-1.15.0-cp34-cp34m-macosx_10_6_intel.macosx_10_9_intel.macosx_10_9_x86_64.macosx_10_10_intel.macosx_10_10_x86_64.whl", hash = "sha256:78c35dc7ad184aebf3714dbf43f054714c6e430e14b9c06c49a864fb9e262030"},
    {file = "numpy-1.15.0-cp34-cp34m-manylinux1_i686.whl", hash = "sha256:c7c660cc0209fdf29a4e50146ca9ac9d8664acaded6b6ae2f5d0ae2e91a0f0cd"},
    {file = "numpy-1.15.0-cp34-cp34m-manylinux1_x86_64.whl", hash = "sha256:3fbccb399fe9095b1c1d7b41e7c7867db8aa0d2347fc44c87a7a180cedda112b"},
    {file = "numpy-1.15.0-cp34-none-win32.whl", hash = "sha256:aaa519335a71f87217ca8a680c3b66b61960e148407bdf5c209c42f50fe30f49"},
    {file = "numpy-1.15.0-cp34-none-win_amd64.whl", hash = "sha256:62cb836506f40ce2529bfba9d09edc4b2687dd18c56cf4457e51c3e7145402fd"},
    {file = "numpy-1.15.0-cp35-cp35m-macosx_10_6_intel.macosx_10_9_intel.macosx_10_9_x86_64.macosx_10_10_intel.macosx_10_10_x86_64.whl", hash = "sha256:55daf757e5f69aa75b4477cf4511bf1f96325c730e4ad32d954ccb593acd2585"},
    {file = "numpy-1.15.0-cp35-cp35m-manylinux1_i686.whl", hash = "sha256:b5f8c15cb9173f6cdf0f994955e58d1265331029ae26296232379461a297e5f2"},
    {file = "numpy-1.15.0-cp35-cp35m-manylinux1_x86_64.whl", hash = "sha256:24f3bb9a5f6c3936a8ccd4ddfc1210d9511f4aeb879a12efd2e80bec647b8695"},
    {file = "numpy-1.15.0-cp35-none-win32.whl", hash = "sha256:34033b581bc01b1135ca2e3e93a94daea7c739f21a97a75cca93e29d9f0c8e71"},
    {file = "numpy-1.15.0-cp35-none-win_amd64.whl", hash = "sha256:f5a758252502b466b9c2b201ea397dae5a914336c987f3a76c3741a82d43c96e"},
    {file = "numpy-1.15.0-cp36-cp36m-macosx_10_6_intel.macosx_10_9_intel.macosx_10_9_x86_64.macosx_10_10_intel.macosx_10_10_x86_64.whl", hash = "sha256:14fb76bde161c87dcec52d91c78f65aa8a23aa2e1530a71f412dabe03927d917"},
    {file = "numpy-1.15.0-cp36-cp36m-manylinux1_i686.whl", hash = "sha256:816645178f2180be257a576b735d3ae245b1982280b97ae819550ce8bcdf2b6b"},
    {file = "numpy-1.15.0-cp36-cp36m-manylinux1_x86_64.whl", hash = "sha256:f2a778dd9bb3e4590dbe3bbac28e7c7134280c4ec97e3bf8678170ee58c67b21"},
    {file = "numpy-1.15.0-cp36-none-win32.whl", hash = "sha256:7f17efe9605444fcbfd990ba9b03371552d65a3c259fc2d258c24fb95afdd728"},
    {file = "numpy-1.15.0-cp36-none-win_amd64.whl", hash = "sha256:73a816e441dace289302e04a7a34ec4772ed234ab6885c968e3ca2fc2d06fe2d"},
    {file = "numpy-1.15.0-cp37-cp37m-macosx_10_6_intel.macosx_10_9_intel.macosx_10_9_x86_64.macosx_10_10_intel.macosx_10_10_x86_64.whl", hash = "sha256:21041014b7529237994a6b578701c585703fbb3b1bea356cdb12a5ea7804241c"},
    {file = "numpy-1.15.0-cp37-cp37m-manylinux1_i686.whl", hash = "sha256:d690a2ff49f6c3bc35336693c9924fe5916be3cc0503fe1ea6c7e2bf951409ee"},
    {file = "numpy-1.15.0-cp37-cp37m-manylinux1_x86_64.whl", hash = "sha256:50718eea8e77a1bedcc85befd22c8dbf5a24c9d2c0c1e36bbb8d7a38da847eb3"},
    {file = "numpy-1.15.0-cp37-none-win32.whl", hash = "sha256:fb4c33a404d9eff49a0cdc8ead0af6453f62f19e071b60d283f9dc05581e4134"},
    {file = "numpy-1.15.0-cp37-none-win_amd64.whl", hash = "sha256:61efc65f325770bbe787f34e00607bc124f08e6c25fdf04723848585e81560dc"},
    {file = "numpy-1.15.0.zip", hash = "sha256:f28e73cf18d37a413f7d5de35d024e6b98f14566a10d82100f9dc491a7d449f9"},
]
pillow = [
    {file = "Pillow-5.2.0-cp27-cp27m-macosx_10_6_intel.macosx_10_9_intel.macosx_10_9_x86_64.macosx_10_10_intel.macosx_10_10_x86_64.whl", hash = "sha256:4fda62030f2c515b6e2e673c57caa55cb04026a81968f3128aae10fc28e5cc27"},
    {file = "Pillow-5.2.0-cp27-cp27m-manylinux1_i686.whl", hash = "sha256:79258a8df3e309a54c7ef2ef4a59bb8e28f7e4a8992a3ad17c24b1889ced44f3"},
    {file = "Pillow-5.2.0-cp27-cp27m-manylinux1_x86_64.whl", hash = "sha256:5044d75a68b49ce36a813c82d8201384207112d5d81643937fc758c05302f05b"},
    {file = "Pillow-5.2.0-cp27-cp27m-win32.whl", hash = "sha256:f63e420180cbe22ff6e32558b612e75f50616fc111c5e095a4631946c782e109"},
    {file = "Pillow-5.2.0-cp27-cp27m-win_amd64.whl", hash = "sha256:03eb0e04f929c102ae24bc436bf1c0c60a4e63b07ebd388e84d8b219df3e6acd"},
    {file = "Pillow-5.2.0-cp27-cp27mu-manylinux1_i686.whl", hash = "sha256:3832e26ecbc9d8a500821e3a1d3765bda99d04ae29ffbb2efba49f5f788dc934"},
    {file = "Pillow-5.2.0-cp27-cp27mu-manylinux1_x86_64.whl", hash = "sha256:24adccf1e834f82718c7fc8e3ec1093738da95144b8b1e44c99d5fc7d3e9c554"},
    {file = "Pillow-5.2.0-cp34-cp34m-macosx_10_6_intel.macosx_10_9_intel.macosx_10_9_x86_64.macosx_10_10_intel.macosx_10_10_x86_64.whl", hash = "sha256:22cf3406d135cfcc13ec6228ade774c8461e125c940e80455f500638429be273"},
    {file = "Pillow-5.2.0-cp34-cp34m-manylinux1_i686.whl", hash = "sha256:026449b64e559226cdb8e6d8c931b5965d8fc90ec18ebbb0baa04c5b36503c72"},
    {file = "Pillow-5.2.0-cp34-cp34m-manylinux1_x86_64.whl", hash = "sha256:e2bed4a04e2ca1050bb5f00865cf2f83c0b92fd62454d9244f690fcd842e27a4"},
    {file = "Pillow-5.2.0-cp34-cp34m-win32.whl", hash = "sha256:4fd1f0c2dc02aaec729d91c92cd85a2df0289d88e9f68d1e8faba750bb9c4786"},
    {file = "Pillow-5.2.0-cp34-cp34m-win_amd64.whl", hash = "sha256:6661a7908d68c4a133e03dac8178287aa20a99f841ea90beeb98a233ae3fd710"},
    {file = "Pillow-5.2.0-cp35-cp35m-macosx_10_6_intel.macosx_10_9_intel.macosx_10_9_x86_64.macosx_10_10_intel.macosx_10_10_x86_64.whl", hash = "sha256:1e977a3ed998a599bda5021fb2c2889060617627d3ae228297a529a082a3cd5c"},
    {file = "Pillow-5.2.0-cp35-cp35m-manylinux1_i686.whl", hash = "sha256:7d74c20b8f1c3e99d3f781d3b8ff5abfefdd7363d61e23bdeba9992ff32cc4b4"},
    {file = "Pillow-5.2.0-cp35-cp35m-manylinux1_x86_64.whl", hash = "sha256:8194d913ca1f459377c8a4ed8f9b7ad750068b8e0e3f3f9c6963fcc87a84515f"},
    {file = "Pillow-5.2.0-cp35-cp35m-win32.whl", hash = "sha256:03dbb224ee196ef30ed2156d41b579143e1efeb422974719a5392fc035e4f574"},
    {file = "Pillow-5.2.0-cp35-cp35m-win_amd64.whl", hash = "sha256:00def5b638994f888d1058e4d17c86dec8e1113c3741a0a8a659039aec59a83a"},
    {file = "Pillow-5.2.0-cp36-cp36m-macosx_10_6_intel.macosx_10_9_intel.macosx_10_9_x86_64.macosx_10_10_intel.macosx_10_10_x86_64.whl", hash = "sha256:989981db57abffb52026b114c9a1f114c7142860a6d30a352d28f8cbf186500b"},
    {file = "Pillow-5.2.0-cp36-cp36m-manylinux1_i686.whl", hash = "sha256:e87a527c06319428007e8c30511e1f0ce035cb7f14bb4793b003ed532c3b9333"},
    {file = "Pillow-5.2.0-cp36-cp36m-manylinux1_x86_64.whl", hash = "sha256:5914cff11f3e920626da48e564be6818831713a3087586302444b9c70e8552d9"},
    {file = "Pillow-5.2.0-cp36-cp36m-win32.whl", hash = "sha256:1be66b9a89e367e7d20d6cae419794997921fe105090fafd86ef39e20a3baab2"},
    {file = "Pillow-5.2.0-cp36-cp36m-win_amd64.whl", hash = "sha256:c5dcb5a56aebb8a8f2585042b2f5c496d7624f0bcfe248f0cc33ceb2fd8d39e7"},
    {file = "Pillow-5.2.0-cp37-cp37m-macosx_10_6_intel.macosx_10_9_intel.macosx_10_9_x86_64.macosx_10_10_intel.macosx_10_10_x86_64.whl", hash = "sha256:a3d7511d3fad1618a82299aab71a5fceee5c015653a77ffea75ced9ef917e71a"},
    {file = "Pillow-5.2.0-cp37-cp37m-manylinux1_i686.whl", hash = "sha256:2a3e362c97a5e6a259ee9cd66553292a1f8928a5bdfa3622fdb1501570834612"},
    {file = "Pillow-5.2.0-cp37-cp37m-manylinux1_x86_64.whl", hash = "sha256:b3ef168d4d6fd4fa6685aef7c91400f59f7ab1c0da734541f7031699741fb23f"},
    {file = "Pillow-5.2.0-cp37-cp37m-win32.whl", hash = "sha256:522184556921512ec484cb93bd84e0bab915d0ac5a372d49571c241a7f73db62"},
    {file = "Pillow-5.2.0-cp37-cp37m-win_amd64.whl", hash = "sha256:81918afeafc16ba5d9d0d4e9445905f21aac969a4ebb6f2bff4b9886da100f4b"},
    {file = "Pillow-5.2.0-pp260-pypy_41-win32.whl", hash = "sha256:84d5d31200b11b3c76fab853b89ac898bf2d05c8b3da07c1fcc23feb06359d6e"},
    {file = "Pillow-5.2.0-pp360-pp360-win32.whl", hash = "sha256:c1c5792b6e74bbf2af0f8e892272c2a6c48efa895903211f11b8342e03129fea"},
    {file = "Pillow-5.2.0-py2.7-win-amd64.egg", hash = "sha256:091a0656688d85fd6e10f49a73fa3ab9b37dbfcb2151f5a3ab17f8b879f467ee"},
    {file = "Pillow-5.2.0-py2.7-win32.egg", hash = "sha256:452d159024faf37cc080537df308e8fa0026076eb38eb75185d96ed9642bd6d7"},
    {file = "Pillow-5.2.0-py3.4-win-amd64.egg", hash = "sha256:acb90eb6c7ed6526551a78211d84c81e33082a35642ff5fe57489abc14e6bf6e"},
    {file = "Pillow-5.2.0-py3.4-win32.egg", hash = "sha256:dcdc9cd9880027688007ff8f7c8e7ae6f24e81fae33bfd18d1e691e7bda4855f"},
    {file = "Pillow-5.2.0-py3.5-win-amd64.egg", hash = "sha256:d16f90810106822833a19bdb24c7cb766959acf791ca0edf5edfec674d55c8ee"},
    {file = "Pillow-5.2.0-py3.5-win32.egg", hash = "sha256:f8582e1ab155302ea9ef1235441a0214919f4f79c4c7c21833ce9eec58181781"},
    {file = "Pillow-5.2.0-py3.6-win-amd64.egg", hash = "sha256:791f07fe13937e65285f9ef30664ddf0e10a0230bdb236751fa0ca67725740dd"},
    {file = "Pillow-5.2.0-py3.6-win32.egg", hash = "sha256:ebcfc33a6c34984086451e230253bc33727bd17b4cdc4b39ec03032c3a6fc9e9"},
    {file = "Pillow-5.2.0-py3.7-win-amd64.egg", hash = "sha256:e2807aad4565d8de15391a9548f97818a14ef32624015c7bf3095171e314445e"},
    {file = "Pillow-5.2.0-py3.7-win32.egg", hash = "sha256:a4a6ac01b8c2f9d2d83719f193e6dea493e18445ce5bfd743d739174daa974d9"},
    {file = "Pillow-5.2.0.tar.gz", hash = "sha256:f8b3d413c5a8f84b12cd4c5df1d8e211777c9852c6be3ee9c094b626644d3eab"},
    {file = "Pillow-5.2.0.win-amd64-py2.7.exe", hash = "sha256:f7717eb360d40e7598c30cc44b33d98f79c468d9279379b66c1e28c568e0bf47"},
    {file = "Pillow-5.2.0.win-amd64-py3.4.exe", hash = "sha256:653d48fe46378f40e3c2b892be88d8440efbb2c9df78559da44c63ad5ecb4142"},
    {file = "Pillow-5.2.0.win-amd64-py3.5.exe", hash = "sha256:0f3e2d0a9966161b7dfd06d147f901d72c3a88ea1a833359b92193b8e1f68e1c"},
    {file = "Pillow-5.2.0.win-amd64-py3.6.exe", hash = "sha256:6735a7e560df6f0deb78246a6fe056cf2ae392ba2dc060ea8a6f2535aec924f1"},
    {file = "Pillow-5.2.0.win-amd64-py3.7.exe", hash = "sha256:6d26a475a19cb294225738f5c974b3a24599438a67a30ed2d25638f012668026"},
    {file = "Pillow-5.2.0.win32-py2.7.exe", hash = "sha256:087b0551ce2d19b3f092f2b5f071a065f7379e748867d070b29999cc83db15e3"},
    {file = "Pillow-5.2.0.win32-py3.4.exe", hash = "sha256:3709339f4619e8c9b00f53079e40b964f43c5af61fb89a923fe24437167298bb"},
    {file = "Pillow-5.2.0.win32-py3.5.exe", hash = "sha256:3518f9fc666cbc58a5c1f48a6a23e9e6ceef69665eab43cdad5144de9383e72c"},
    {file = "Pillow-5.2.0.win32-py3.6.exe", hash = "sha256:1c5e93c40d4ce8cb133d3b105a869be6fa767e703f6eb1003eb4b90583e08a59"},
    {file = "Pillow-5.2.0.win32-py3.7.exe", hash = "sha256:114398d0e073b93e1d7da5b5ab92ff4b83c0180625c8031911425e51f4365d2e"},
]
pyparsing = [
    {file = "pyparsing-2.4.7-py2.py3-none-any.whl", hash = "sha256:ef9d7589ef3c200abe66653d3f1ab1033c3c419ae9b9bdb1240a85b024efc88b"},
    {file = "pyparsing-2.4.7.tar.gz", hash = "sha256:c203ec8783bf771a155b207279b9bccb8dea02d8f0c9e5f8ead507bc3246ecc1"},
]
python-dateutil = [
    {file = "python-dateutil-2.8.1.tar.gz", hash = "sha256:73ebfe9dbf22e832286dafa60473e4cd239f8592f699aa5adaf10050e6e1823c"},
    {file = "python_dateutil-2.8.1-py2.py3-none-any.whl", hash = "sha256:75bb3f31ea686f1197762692a9ee6a7550b59fc6ca3a1f4b5d7e32fb98e2da2a"},
]
pywavelets = [
    {file = "PyWavelets-1.1.1-cp35-cp35m-macosx_10_6_intel.whl", hash = "sha256:35959c041ec014648575085a97b498eafbbaa824f86f6e4a59bfdef8a3fe6308"},
    {file = "PyWavelets-1.1.1-cp35-cp35m-manylinux1_i686.whl", hash = "sha256:55e39ec848ceec13c9fa1598253ae9dd5c31d09dfd48059462860d2b908fb224"},
    {file = "PyWavelets-1.1.1-cp35-cp35m-manylinux1_x86_64.whl", hash = "sha256:c06d2e340c7bf8b9ec71da2284beab8519a3908eab031f4ea126e8ccfc3fd567"},
    {file = "PyWavelets-1.1.1-cp35-cp35m-win32.whl", hash = "sha256:be105382961745f88d8196bba5a69ee2c4455d87ad2a2e5d1eed6bd7fda4d3fd"},
    {file = "PyWavelets-1.1.1-cp35-cp35m-win_amd64.whl", hash = "sha256:076ca8907001fdfe4205484f719d12b4a0262dfe6652fa1cfc3c5c362d14dc84"},
    {file = "PyWavelets-1.1.1-cp36-cp36m-macosx_10_9_x86_64.whl", hash = "sha256:7947e51ca05489b85928af52a34fe67022ab5b81d4ae32a4109a99e883a0635e"},
    {file = "PyWavelets-1.1.1-cp36-cp36m-manylinux1_i686.whl", hash = "sha256:9e2528823ccf5a0a1d23262dfefe5034dce89cd84e4e124dc553dfcdf63ebb92"},
    {file = "PyWavelets-1.1.1-cp36-cp36m-manylinux1_x86_64.whl", hash = "sha256:80b924edbc012ded8aa8b91cb2fd6207fb1a9a3a377beb4049b8a07445cec6f0"},
    {file = "PyWavelets-1.1.1-cp36-cp36m-manylinux2014_aarch64.whl", hash = "sha256:c2a799e79cee81a862216c47e5623c97b95f1abee8dd1f9eed736df23fb653fb"},
    {file = "PyWavelets-1.1.1-cp36-cp36m-win32.whl", hash = "sha256:d510aef84d9852653d079c84f2f81a82d5d09815e625f35c95714e7364570ad4"},
    {file = "PyWavelets-1.1.1-cp36-cp36m-win_amd64.whl", hash = "sha256:889d4c5c5205a9c90118c1980df526857929841df33e4cd1ff1eff77c6817a65"},
    {file = "PyWavelets-1.1.1-cp37-cp37m-macosx_10_9_x86_64.whl", hash = "sha256:68b5c33741d26c827074b3d8f0251de1c3019bb9567b8d303eb093c822ce28f1"},
    {file = "PyWavelets-1.1.1-cp37-cp37m-manylinux1_i686.whl", hash = "sha256:18a51b3f9416a2ae6e9a35c4af32cf520dd7895f2b69714f4aa2f4342fca47f9"},
    {file = "PyWavelets-1.1.1-cp37-cp37m-manylinux1_x86_64.whl", hash = "sha256:cfe79844526dd92e3ecc9490b5031fca5f8ab607e1e858feba232b1b788ff0ea"},
    {file = "PyWavelets-1.1.1-cp37-cp37m-manylinux2014_aarch64.whl", hash = "sha256:2f7429eeb5bf9c7068002d0d7f094ed654c77a70ce5e6198737fd68ab85f8311"},
    {file = "PyWavelets-1.1.1-cp37-cp37m-win32.whl", hash = "sha256:720dbcdd3d91c6dfead79c80bf8b00a1d8aa4e5d551dc528c6d5151e4efc3403"},
    {file = "PyWavelets-1.1.1-cp37-cp37m-win_amd64.whl", hash = "sha256:bc5e87b72371da87c9bebc68e54882aada9c3114e640de180f62d5da95749cd3"},
    {file = "PyWavelets-1.1.1-cp38-cp38-macosx_10_9_x86_64.whl", hash = "sha256:98b2669c5af842a70cfab33a7043fcb5e7535a690a00cd251b44c9be0be418e5"},
    {file = "PyWavelets-1.1.1-cp38-cp38-manylinux1_i686.whl", hash = "sha256:e02a0558e0c2ac8b8bbe6a6ac18c136767ec56b96a321e0dfde2173adfa5a504"},
    {file = "PyWavelets-1.1.1-cp38-cp38-manylinux1_x86_64.whl", hash = "sha256:6162dc0ae04669ea04b4b51420777b9ea2d30b0a9d02901b2a3b4d61d159c2e9"},
    {file = "PyWavelets-1.1.1-cp38-cp38-manylinux2014_aarch64.whl", hash = "sha256:39c74740718e420d38c78ca4498568fa57976d78d5096277358e0fa9629a7aea"},
    {file = "PyWavelets-1.1.1-cp38-cp38-win32.whl", hash = "sha256:79f5b54f9dc353e5ee47f0c3f02bebd2c899d49780633aa771fed43fa20b3149"},
    {file = "PyWavelets-1.1.1-cp38-cp38-win_amd64.whl", hash = "sha256:935ff247b8b78bdf77647fee962b1cc208c51a7b229db30b9ba5f6da3e675178"},
    {file = "PyWavelets-1.1.1-cp39-cp39-macosx_10_9_x86_64.whl", hash = "sha256:6ebfefebb5c6494a3af41ad8c60248a95da267a24b79ed143723d4502b1fe4d7"},
    {file = "PyWavelets-1.1.1-cp39-cp39-manylinux1_i686.whl", hash = "sha256:6bc78fb9c42a716309b4ace56f51965d8b5662c3ba19d4591749f31773db1125"},
    {file = "PyWavelets-1.1.1-cp39-cp39-manylinux1_x86_64.whl", hash = "sha256:411e17ca6ed8cf5e18a7ca5ee06a91c25800cc6c58c77986202abf98d749273a"},
    {file = "PyWavelets-1.1.1-cp39-cp39-manylinux2014_aarch64.whl", hash = "sha256:83c5e3eb78ce111c2f0b45f46106cc697c3cb6c4e5f51308e1f81b512c70c8fb"},
    {file = "PyWavelets-1.1.1-cp39-cp39-win32.whl", hash = "sha256:2b634a54241c190ee989a4af87669d377b37c91bcc9cf0efe33c10ff847f7841"},
    {file = "PyWavelets-1.1.1-cp39-cp39-win_amd64.whl", hash = "sha256:732bab78435c48be5d6bc75486ef629d7c8f112e07b313bf1f1a2220ab437277"},
    {file = "PyWavelets-1.1.1.tar.gz", hash = "sha256:1a64b40f6acb4ffbaccce0545d7fc641744f95351f62e4c6aaa40549326008c9"},
]
scikit-image = [
    {file = "scikit-image-0.15.0.tar.gz", hash = "sha256:df111e654b47e5ea456c50553debe4c5ddd97258894c7ad3b7f2f9f10798e053"},
    {file = "scikit_image-0.15.0-cp35-cp35m-macosx_10_6_intel.macosx_10_9_intel.macosx_10_9_x86_64.macosx_10_10_intel.macosx_10_10_x86_64.whl", hash = "sha256:117244d206f014fcdc7fd3b03dc25ffd3c32be49c5103b916dadcf3c268ce629"},
    {file = "scikit_image-0.15.0-cp35-cp35m-manylinux1_i686.whl", hash = "sha256:6665b00b649237171eb0c34ec7d2c5ee96f51cc826edf1b70654fc05fddec7a8"},
    {file = "scikit_image-0.15.0-cp35-cp35m-manylinux1_x86_64.whl", hash = "sha256:ce9354571e1323ed98251723a7e5ffb3526ddd3b533a27aaca4ebd13ed479c56"},
    {file = "scikit_image-0.15.0-cp35-none-win32.whl", hash = "sha256:676838be922fdc7c65a1bfa71409b382874d60e2a7a0c968fe832f63b485842d"},
    {file = "scikit_image-0.15.0-cp35-none-win_amd64.whl", hash = "sha256:ed6d2dbb54a68b200df8783fcb17c406ece20420c8c86508ab0f5966e8631da5"},
    {file = "scikit_image-0.15.0-cp36-cp36m-macosx_10_6_intel.macosx_10_9_intel.macosx_10_9_x86_64.macosx_10_10_intel.macosx_10_10_x86_64.whl", hash = "sha256:6b8697a52e1e3c2663f74a0a972cc601d2ceb5b3299cc9be3c3b6ac41d76d238"},
    {file = "scikit_image-0.15.0-cp36-cp36m-manylinux1_i686.whl", hash = "sha256:2dee5c19893bbfebeb30c2edd47e3092d84fe671e1278c8e1b8ab0b541b88590"},
    {file = "scikit_image-0.15.0-cp36-cp36m-manylinux1_x86_64.whl", hash = "sha256:91208ff13381ccbacce8a38a771e9d9d8982dce146581bcf6656aa8fd05d06ea"},
    {file = "scikit_image-0.15.0-cp36-none-win32.whl", hash = "sha256:56f8ec5106c1b6037f25395eb6a2c29cbbb1baa9d8cedb48a6488a697f9e0c02"},
    {file = "scikit_image-0.15.0-cp36-none-win_amd64.whl", hash = "sha256:2edf2189a89d68e7909bfe939f6f9978d4807c4c2c6464b9d23944171272efe5"},
    {file = "scikit_image-0.15.0-cp37-cp37m-macosx_10_6_intel.macosx_10_9_intel.macosx_10_9_x86_64.macosx_10_10_intel.macosx_10_10_x86_64.whl", hash = "sha256:0fb4f61ba28e7034dc490b7fd37a35428493cc1180205991aea41ab78c1a3b2a"},
    {file = "scikit_image-0.15.0-cp37-cp37m-manylinux1_i686.whl", hash = "sha256:5c24501fbe0000bf215418ced56fc718ae5bbd004df7dc460fd3fb095385dec5"},
    {file = "scikit_image-0.15.0-cp37-cp37m-manylinux1_x86_64.whl", hash = "sha256:a8fb7dc56b14656768fdf21d4325bf82f543fad51dc83c24aa6a27456a946a2d"},
    {file = "scikit_image-0.15.0-cp37-none-win32.whl", hash = "sha256:bea86976ab9b7bebca43721b3ff8fd74a002e1fd95e7600987cd42664fde8a39"},
    {file = "scikit_image-0.15.0-cp37-none-win_amd64.whl", hash = "sha256:f0491621a6b1d2828d47acaf41d3167a647eaae44ef8fcf83b72eb3e1cc7ac51"},
]
scipy = [
    {file = "scipy-1.1.0-cp27-cp27m-macosx_10_6_intel.macosx_10_9_intel.macosx_10_9_x86_64.macosx_10_10_intel.macosx_10_10_x86_64.whl", hash = "sha256:340ef70f5b0f4e2b4b43c8c8061165911bc6b2ad16f8de85d9774545e2c47463"},
    {file = "scipy-1.1.0-cp27-cp27m-manylinux1_i686.whl", hash = "sha256:c22b27371b3866c92796e5d7907e914f0e58a36d3222c5d436ddd3f0e354227a"},
    {file = "scipy-1.1.0-cp27-cp27m-manylinux1_x86_64.whl", hash = "sha256:d8491d4784aceb1f100ddb8e31239c54e4afab8d607928a9f7ef2469ec35ae01"},
    {file = "scipy-1.1.0-cp27-cp27mu-manylinux1_i686.whl", hash = "sha256:8190770146a4c8ed5d330d5b5ad1c76251c63349d25c96b3094875b930c44692"},
    {file = "scipy-1.1.0-cp27-cp27mu-manylinux1_x86_64.whl", hash = "sha256:08237eda23fd8e4e54838258b124f1cd141379a5f281b0a234ca99b38918c07a"},
    {file = "scipy-1.1.0-cp27-none-win32.whl", hash = "sha256:dfc5080c38dde3f43d8fbb9c0539a7839683475226cf83e4b24363b227dfe552"},
    {file = "scipy-1.1.0-cp27-none-win_amd64.whl", hash = "sha256:e7a01e53163818d56eabddcafdc2090e9daba178aad05516b20c6591c4811020"},
    {file = "scipy-1.1.0-cp34-cp34m-macosx_10_6_intel.macosx_10_9_intel.macosx_10_9_x86_64.macosx_10_10_intel.macosx_10_10_x86_64.whl", hash = "sha256:0e645dbfc03f279e1946cf07c9c754c2a1859cb4a41c5f70b25f6b3a586b6dbd"},
    {file = "scipy-1.1.0-cp34-cp34m-manylinux1_i686.whl", hash = "sha256:f0521af1b722265d824d6ad055acfe9bd3341765735c44b5a4d0069e189a0f40"},
    {file = "scipy-1.1.0-cp34-cp34m-manylinux1_x86_64.whl", hash = "sha256:3b243c77a822cd034dad53058d7c2abf80062aa6f4a32e9799c95d6391558631"},
    {file = "scipy-1.1.0-cp34-none-win32.whl", hash = "sha256:8f841bbc21d3dad2111a94c490fb0a591b8612ffea86b8e5571746ae76a3deac"},
    {file = "scipy-1.1.0-cp34-none-win_amd64.whl", hash = "sha256:ee677635393414930541a096fc8e61634304bb0153e4e02b75685b11eba14cae"},
    {file = "scipy-1.1.0-cp35-cp35m-macosx_10_6_intel.macosx_10_9_intel.macosx_10_9_x86_64.macosx_10_10_intel.macosx_10_10_x86_64.whl", hash = "sha256:423b3ff76957d29d1cce1bc0d62ebaf9a3fdfaf62344e3fdec14619bb7b5ad3a"},
    {file = "scipy-1.1.0-cp35-cp35m-manylinux1_i686.whl", hash = "sha256:0611ee97296265af4a21164a5323f8c1b4e8e15c582d3dfa7610825900136bb7"},
    {file = "scipy-1.1.0-cp35-cp35m-manylinux1_x86_64.whl", hash = "sha256:108c16640849e5827e7d51023efb3bd79244098c3f21e4897a1007720cb7ce37"},
    {file = "scipy-1.1.0-cp35-none-win32.whl", hash = "sha256:3ad73dfc6f82e494195144bd3a129c7241e761179b7cb5c07b9a0ede99c686f3"},
    {file = "scipy-1.1.0-cp35-none-win_amd64.whl", hash = "sha256:d0cdd5658b49a722783b8b4f61a6f1f9c75042d0e29a30ccb6cacc9b25f6d9e2"},
    {file = "scipy-1.1.0-cp36-cp36m-macosx_10_6_intel.macosx_10_9_intel.macosx_10_9_x86_64.macosx_10_10_intel.macosx_10_10_x86_64.whl", hash = "sha256:e24e22c8d98d3c704bb3410bce9b69e122a8de487ad3dbfe9985d154e5c03a40"},
    {file = "scipy-1.1.0-cp36-cp36m-manylinux1_i686.whl", hash = "sha256:404a00314e85eca9d46b80929571b938e97a143b4f2ddc2b2b3c91a4c4ead9c5"},
    {file = "scipy-1.1.0-cp36-cp36m-manylinux1_x86_64.whl", hash = "sha256:729f8f8363d32cebcb946de278324ab43d28096f36593be6281ca1ee86ce6559"},
    {file = "scipy-1.1.0-cp36-none-win32.whl", hash = "sha256:0e9bb7efe5f051ea7212555b290e784b82f21ffd0f655405ac4f87e288b730b3"},
    {file = "scipy-1.1.0-cp36-none-win_amd64.whl", hash = "sha256:698c6409da58686f2df3d6f815491fd5b4c2de6817a45379517c92366eea208f"},
    {file = "scipy-1.1.0-cp37-cp37m-macosx_10_6_intel.macosx_10_9_intel.macosx_10_9_x86_64.macosx_10_10_intel.macosx_10_10_x86_64.whl", hash = "sha256:42d9149a2fff7affdd352d157fa5717033767857c11bd55aa4a519a44343dfef"},
    {file = "scipy-1.1.0-cp37-cp37m-manylinux1_i686.whl", hash = "sha256:d40dc7f494b06dcee0d303e51a00451b2da6119acbeaccf8369f2d29e28917ac"},
    {file = "scipy-1.1.0-cp37-cp37m-manylinux1_x86_64.whl", hash = "sha256:8b984f0821577d889f3c7ca8445564175fb4ac7c7f9659b7c60bef95b2b70e76"},
    {file = "scipy-1.1.0-cp37-none-win32.whl", hash = "sha256:f25c281f12c0da726c6ed00535ca5d1622ec755c30a3f8eafef26cf43fede694"},
    {file = "scipy-1.1.0-cp37-none-win_amd64.whl", hash = "sha256:625f25a6b7d795e8830cb70439453c9f163e6870e710ec99eba5722775b318f3"},
    {file = "scipy-1.1.0.tar.gz", hash = "sha256:878352408424dffaa695ffedf2f9f92844e116686923ed9aa8626fc30d32cfd1"},
]
six = [
    {file = "six-1.16.0-py2.py3-none-any.whl", hash = "sha256:8abb2f1d86890a2dfb989f9a77cfcfd3e47c2a354b01111771326f8aa26e0254"},
    {file = "six-1.16.0.tar.gz", hash = "sha256:1e61c37477a1626458e36f7b1d82aa5c9b094fa4802892072e49de9c60c4c926"},
]
urllib3 = [
    {file = "urllib3-1.26.5-py2.py3-none-any.whl", hash = "sha256:753a0374df26658f99d826cfe40394a686d05985786d946fbe4165b5148f5a7c"},
    {file = "urllib3-1.26.5.tar.gz", hash = "sha256:a7acd0977125325f516bda9735fa7142b909a8d01e8b2e4c8108d0984e6e0098"},
]
